
Microsoft Visual Studio Solution File, Format Version 12.00
# Visual Studio Version 17
VisualStudioVersion = 17.10.34916.146
MinimumVisualStudioVersion = 10.0.40219.1
Project("{FAE04EC0-301F-11D3-BF4B-00C04F79EFBC}") = "Tetris", "Tetris\Tetris.csproj", "{8B91ED6B-4450-4898-A7DB-19624E0AB77F}"
EndProject
Project("{FAE04EC0-301F-11D3-BF4B-00C04F79EFBC}") = "Tetris.Logic", "Tetris.Logic\Tetris.Logic.csproj", "{7EE1678F-61A5-4630-988C-DFC4767FB554}"
EndProject
Global
	GlobalSection(SolutionConfigurationPlatforms) = preSolution
		Debug|Any CPU = Debug|Any CPU
		Release|Any CPU = Release|Any CPU
	EndGlobalSection
	GlobalSection(ProjectConfigurationPlatforms) = postSolution
		{8B91ED6B-4450-4898-A7DB-19624E0AB77F}.Debug|Any CPU.ActiveCfg = Debug|Any CPU
		{8B91ED6B-4450-4898-A7DB-19624E0AB77F}.Debug|Any CPU.Build.0 = Debug|Any CPU
		{8B91ED6B-4450-4898-A7DB-19624E0AB77F}.Release|Any CPU.ActiveCfg = Release|Any CPU
		{8B91ED6B-4450-4898-A7DB-19624E0AB77F}.Release|Any CPU.Build.0 = Release|Any CPU
		{7EE1678F-61A5-4630-988C-DFC4767FB554}.Debug|Any CPU.ActiveCfg = Debug|Any CPU
		{7EE1678F-61A5-4630-988C-DFC4767FB554}.Debug|Any CPU.Build.0 = Debug|Any CPU
		{7EE1678F-61A5-4630-988C-DFC4767FB554}.Release|Any CPU.ActiveCfg = Release|Any CPU
		{7EE1678F-61A5-4630-988C-DFC4767FB554}.Release|Any CPU.Build.0 = Release|Any CPU
	EndGlobalSection
	GlobalSection(SolutionProperties) = preSolution
		HideSolutionNode = FALSE
	EndGlobalSection
	GlobalSection(ExtensibilityGlobals) = postSolution
		SolutionGuid = {75A5A8BD-B97A-4506-9E2A-DE880AD3886C}
	EndGlobalSection
EndGlobal
